
Microsoft Visual Studio Solution File, Format Version 12.00
# Visual Studio Version 17
VisualStudioVersion = 17.2.32602.215
MinimumVisualStudioVersion = 10.0.40219.1
Project("{FAE04EC0-301F-11D3-BF4B-00C04F79EFBC}") = "P01_VariableSample", "P01_VariableSample\P01_VariableSample.csproj", "{32532429-98DE-451F-834F-11D75459707E}"
EndProject
Global
	GlobalSection(SolutionConfigurationPlatforms) = preSolution
		Debug|Any CPU = Debug|Any CPU
		Release|Any CPU = Release|Any CPU
	EndGlobalSection
	GlobalSection(ProjectConfigurationPlatforms) = postSolution
		{32532429-98DE-451F-834F-11D75459707E}.Debug|Any CPU.ActiveCfg = Debug|Any CPU
		{32532429-98DE-451F-834F-11D75459707E}.Debug|Any CPU.Build.0 = Debug|Any CPU
		{32532429-98DE-451F-834F-11D75459707E}.Release|Any CPU.ActiveCfg = Release|Any CPU
		{32532429-98DE-451F-834F-11D75459707E}.Release|Any CPU.Build.0 = Release|Any CPU
	EndGlobalSection
	GlobalSection(SolutionProperties) = preSolution
		HideSolutionNode = FALSE
	EndGlobalSection
	GlobalSection(ExtensibilityGlobals) = postSolution
		SolutionGuid = {464F1DBE-3E81-431C-AC6C-C5E6A9DF3FD4}
	EndGlobalSection
EndGlobal
