
Microsoft Visual Studio Solution File, Format Version 12.00
# Visual Studio Version 17
VisualStudioVersion = 17.2.32602.215
MinimumVisualStudioVersion = 10.0.40219.1
Project("{FAE04EC0-301F-11D3-BF4B-00C04F79EFBC}") = "P01_DefaultConstructor", "P01_DefaultConstructor\P01_DefaultConstructor.csproj", "{A15B1C89-AF9C-4ADF-88CF-0B3C264E6FBF}"
EndProject
Global
	GlobalSection(SolutionConfigurationPlatforms) = preSolution
		Debug|Any CPU = Debug|Any CPU
		Release|Any CPU = Release|Any CPU
	EndGlobalSection
	GlobalSection(ProjectConfigurationPlatforms) = postSolution
		{A15B1C89-AF9C-4ADF-88CF-0B3C264E6FBF}.Debug|Any CPU.ActiveCfg = Debug|Any CPU
		{A15B1C89-AF9C-4ADF-88CF-0B3C264E6FBF}.Debug|Any CPU.Build.0 = Debug|Any CPU
		{A15B1C89-AF9C-4ADF-88CF-0B3C264E6FBF}.Release|Any CPU.ActiveCfg = Release|Any CPU
		{A15B1C89-AF9C-4ADF-88CF-0B3C264E6FBF}.Release|Any CPU.Build.0 = Release|Any CPU
	EndGlobalSection
	GlobalSection(SolutionProperties) = preSolution
		HideSolutionNode = FALSE
	EndGlobalSection
	GlobalSection(ExtensibilityGlobals) = postSolution
		SolutionGuid = {E84688AF-1544-4034-8579-EC148AEA6D08}
	EndGlobalSection
EndGlobal
