
Microsoft Visual Studio Solution File, Format Version 12.00
# Visual Studio Version 17
VisualStudioVersion = 17.2.32602.215
MinimumVisualStudioVersion = 10.0.40219.1
Project("{FAE04EC0-301F-11D3-BF4B-00C04F79EFBC}") = "Serializable", "Serializable\Serializable.csproj", "{55CBD2D3-13E8-4B04-8092-3EDD88B12267}"
EndProject
Project("{FAE04EC0-301F-11D3-BF4B-00C04F79EFBC}") = "XmlSerialization", "XmlSerialization\XmlSerialization.csproj", "{151E67DC-7741-495B-ACC8-589DF5DDB63F}"
EndProject
Global
	GlobalSection(SolutionConfigurationPlatforms) = preSolution
		Debug|Any CPU = Debug|Any CPU
		Release|Any CPU = Release|Any CPU
	EndGlobalSection
	GlobalSection(ProjectConfigurationPlatforms) = postSolution
		{55CBD2D3-13E8-4B04-8092-3EDD88B12267}.Debug|Any CPU.ActiveCfg = Debug|Any CPU
		{55CBD2D3-13E8-4B04-8092-3EDD88B12267}.Debug|Any CPU.Build.0 = Debug|Any CPU
		{55CBD2D3-13E8-4B04-8092-3EDD88B12267}.Release|Any CPU.ActiveCfg = Release|Any CPU
		{55CBD2D3-13E8-4B04-8092-3EDD88B12267}.Release|Any CPU.Build.0 = Release|Any CPU
		{151E67DC-7741-495B-ACC8-589DF5DDB63F}.Debug|Any CPU.ActiveCfg = Debug|Any CPU
		{151E67DC-7741-495B-ACC8-589DF5DDB63F}.Debug|Any CPU.Build.0 = Debug|Any CPU
		{151E67DC-7741-495B-ACC8-589DF5DDB63F}.Release|Any CPU.ActiveCfg = Release|Any CPU
		{151E67DC-7741-495B-ACC8-589DF5DDB63F}.Release|Any CPU.Build.0 = Release|Any CPU
	EndGlobalSection
	GlobalSection(SolutionProperties) = preSolution
		HideSolutionNode = FALSE
	EndGlobalSection
	GlobalSection(ExtensibilityGlobals) = postSolution
		SolutionGuid = {CB5204BD-8DA2-4391-B357-EFD1F6A30DC2}
	EndGlobalSection
EndGlobal
